// !$*UTF8*$!
{
	archiveVersion = 1;
	classes = {
	};
	objectVersion = 48;
	objects = {

/* Begin PBXBuildFile section */
		83381DBA1FA179E200ADF76D /* WebKit.framework in Frameworks */ = {isa = PBXBuildFile; fileRef = 83381DB91FA179E200ADF76D /* WebKit.framework */; };
		8390E8C91FA331E900B6CAFF /* libPluginProtocol.a in Frameworks */ = {isa = PBXBuildFile; fileRef = 8390E89A1FA331E800B6CAFF /* libPluginProtocol.a */; };
		83B7E65F1FA029DF000BA4AF /* AppDelegate.m in Sources */ = {isa = PBXBuildFile; fileRef = 83B7E65E1FA029DF000BA4AF /* AppDelegate.m */; };
		83B7E6621FA029DF000BA4AF /* ViewController.mm in Sources */ = {isa = PBXBuildFile; fileRef = 83B7E6611FA029DF000BA4AF /* ViewController.mm */; };
		83B7E6651FA029DF000BA4AF /* Main.storyboard in Resources */ = {isa = PBXBuildFile; fileRef = 83B7E6631FA029DF000BA4AF /* Main.storyboard */; };
		83B7E6671FA029DF000BA4AF /* Assets.xcassets in Resources */ = {isa = PBXBuildFile; fileRef = 83B7E6661FA029DF000BA4AF /* Assets.xcassets */; };
		83B7E66A1FA029DF000BA4AF /* LaunchScreen.storyboard in Resources */ = {isa = PBXBuildFile; fileRef = 83B7E6681FA029DF000BA4AF /* LaunchScreen.storyboard */; };
		83B7E66D1FA029DF000BA4AF /* main.m in Sources */ = {isa = PBXBuildFile; fileRef = 83B7E66C1FA029DF000BA4AF /* main.m */; };
		83B7E6CF1FA040E8000BA4AF /* AnyController.mm in Sources */ = {isa = PBXBuildFile; fileRef = 83B7E6CE1FA040E8000BA4AF /* AnyController.mm */; };
		83B7E7031FA063DD000BA4AF /* CFNetwork.framework in Frameworks */ = {isa = PBXBuildFile; fileRef = 83B7E7021FA063DD000BA4AF /* CFNetwork.framework */; };
		83B7E7051FA063E5000BA4AF /* CoreFoundation.framework in Frameworks */ = {isa = PBXBuildFile; fileRef = 83B7E7041FA063E5000BA4AF /* CoreFoundation.framework */; };
		83B7E7071FA063EA000BA4AF /* MobileCoreServices.framework in Frameworks */ = {isa = PBXBuildFile; fileRef = 83B7E7061FA063E9000BA4AF /* MobileCoreServices.framework */; };
		83B7E7091FA063F0000BA4AF /* SystemConfiguration.framework in Frameworks */ = {isa = PBXBuildFile; fileRef = 83B7E7081FA063F0000BA4AF /* SystemConfiguration.framework */; };
		83B7E70B1FA063F5000BA4AF /* libz.tbd in Frameworks */ = {isa = PBXBuildFile; fileRef = 83B7E70A1FA063F5000BA4AF /* libz.tbd */; };
		83B7E70D1FA063FA000BA4AF /* Security.framework in Frameworks */ = {isa = PBXBuildFile; fileRef = 83B7E70C1FA063FA000BA4AF /* Security.framework */; };
		83B7E71B1FA09C1D000BA4AF /* bootstrap.min.css in Resources */ = {isa = PBXBuildFile; fileRef = 83B7E7171FA09C0C000BA4AF /* bootstrap.min.css */; };
		83B7E71C1FA09C1F000BA4AF /* bootstrap.min.js in Resources */ = {isa = PBXBuildFile; fileRef = 83B7E7181FA09C0C000BA4AF /* bootstrap.min.js */; };
		83B7E71D1FA09C2D000BA4AF /* gameindex.html in Resources */ = {isa = PBXBuildFile; fileRef = 83B7E7191FA09C0C000BA4AF /* gameindex.html */; };
		83B7E71E1FA09C2F000BA4AF /* jquery.min.js in Resources */ = {isa = PBXBuildFile; fileRef = 83B7E71A1FA09C0C000BA4AF /* jquery.min.js */; };
/* End PBXBuildFile section */

/* Begin PBXFileReference section */
		83381DB91FA179E200ADF76D /* WebKit.framework */ = {isa = PBXFileReference; lastKnownFileType = wrapper.framework; name = WebKit.framework; path = System/Library/Frameworks/WebKit.framework; sourceTree = SDKROOT; };
		8390E89A1FA331E800B6CAFF /* libPluginProtocol.a */ = {isa = PBXFileReference; lastKnownFileType = archive.ar; name = libPluginProtocol.a; path = MicroClient/libPluginProtocol.a; sourceTree = "<group>"; };
		8390E89C1FA331E900B6CAFF /* AdsUtil.h */ = {isa = PBXFileReference; fileEncoding = 4; lastKnownFileType = sourcecode.c.h; path = AdsUtil.h; sourceTree = "<group>"; };
		8390E89D1FA331E900B6CAFF /* AdsWrapper.h */ = {isa = PBXFileReference; fileEncoding = 4; lastKnownFileType = sourcecode.c.h; path = AdsWrapper.h; sourceTree = "<group>"; };
		8390E89E1FA331E900B6CAFF /* AgentManager.h */ = {isa = PBXFileReference; fileEncoding = 4; lastKnownFileType = sourcecode.c.h; path = AgentManager.h; sourceTree = "<group>"; };
		8390E89F1FA331E900B6CAFF /* AnalyticsWrapper.h */ = {isa = PBXFileReference; fileEncoding = 4; lastKnownFileType = sourcecode.c.h; path = AnalyticsWrapper.h; sourceTree = "<group>"; };
		8390E8A01FA331E900B6CAFF /* CocosRuntimeDelegate.h */ = {isa = PBXFileReference; fileEncoding = 4; lastKnownFileType = sourcecode.c.h; path = CocosRuntimeDelegate.h; sourceTree = "<group>"; };
		8390E8A11FA331E900B6CAFF /* CustomWrapper.h */ = {isa = PBXFileReference; fileEncoding = 4; lastKnownFileType = sourcecode.c.h; path = CustomWrapper.h; sourceTree = "<group>"; };
		8390E8A21FA331E900B6CAFF /* IAPWrapper.h */ = {isa = PBXFileReference; fileEncoding = 4; lastKnownFileType = sourcecode.c.h; path = IAPWrapper.h; sourceTree = "<group>"; };
		8390E8A31FA331E900B6CAFF /* InterfaceAds.h */ = {isa = PBXFileReference; fileEncoding = 4; lastKnownFileType = sourcecode.c.h; path = InterfaceAds.h; sourceTree = "<group>"; };
		8390E8A41FA331E900B6CAFF /* InterfaceAdTracking.h */ = {isa = PBXFileReference; fileEncoding = 4; lastKnownFileType = sourcecode.c.h; path = InterfaceAdTracking.h; sourceTree = "<group>"; };
		8390E8A51FA331E900B6CAFF /* InterfaceAnalytics.h */ = {isa = PBXFileReference; fileEncoding = 4; lastKnownFileType = sourcecode.c.h; path = InterfaceAnalytics.h; sourceTree = "<group>"; };
		8390E8A61FA331E900B6CAFF /* InterfaceCrash.h */ = {isa = PBXFileReference; fileEncoding = 4; lastKnownFileType = sourcecode.c.h; path = InterfaceCrash.h; sourceTree = "<group>"; };
		8390E8A71FA331E900B6CAFF /* InterfaceCustom.h */ = {isa = PBXFileReference; fileEncoding = 4; lastKnownFileType = sourcecode.c.h; path = InterfaceCustom.h; sourceTree = "<group>"; };
		8390E8A81FA331E900B6CAFF /* InterfaceIAP.h */ = {isa = PBXFileReference; fileEncoding = 4; lastKnownFileType = sourcecode.c.h; path = InterfaceIAP.h; sourceTree = "<group>"; };
		8390E8A91FA331E900B6CAFF /* InterfacePush.h */ = {isa = PBXFileReference; fileEncoding = 4; lastKnownFileType = sourcecode.c.h; path = InterfacePush.h; sourceTree = "<group>"; };
		8390E8AA1FA331E900B6CAFF /* InterfaceREC.h */ = {isa = PBXFileReference; fileEncoding = 4; lastKnownFileType = sourcecode.c.h; path = InterfaceREC.h; sourceTree = "<group>"; };
		8390E8AB1FA331E900B6CAFF /* InterfaceShare.h */ = {isa = PBXFileReference; fileEncoding = 4; lastKnownFileType = sourcecode.c.h; path = InterfaceShare.h; sourceTree = "<group>"; };
		8390E8AC1FA331E900B6CAFF /* InterfaceSocial.h */ = {isa = PBXFileReference; fileEncoding = 4; lastKnownFileType = sourcecode.c.h; path = InterfaceSocial.h; sourceTree = "<group>"; };
		8390E8AD1FA331E900B6CAFF /* InterfaceUser.h */ = {isa = PBXFileReference; fileEncoding = 4; lastKnownFileType = sourcecode.c.h; path = InterfaceUser.h; sourceTree = "<group>"; };
		8390E8AE1FA331E900B6CAFF /* JSBRelation.h */ = {isa = PBXFileReference; fileEncoding = 4; lastKnownFileType = sourcecode.c.h; path = JSBRelation.h; sourceTree = "<group>"; };
		8390E8AF1FA331E900B6CAFF /* JsonParser.h */ = {isa = PBXFileReference; fileEncoding = 4; lastKnownFileType = sourcecode.c.h; path = JsonParser.h; sourceTree = "<group>"; };
		8390E8B01FA331E900B6CAFF /* PluginApplicationDelegate.h */ = {isa = PBXFileReference; fileEncoding = 4; lastKnownFileType = sourcecode.c.h; path = PluginApplicationDelegate.h; sourceTree = "<group>"; };
		8390E8B11FA331E900B6CAFF /* PluginFactory.h */ = {isa = PBXFileReference; fileEncoding = 4; lastKnownFileType = sourcecode.c.h; path = PluginFactory.h; sourceTree = "<group>"; };
		8390E8B21FA331E900B6CAFF /* PluginHelper.h */ = {isa = PBXFileReference; fileEncoding = 4; lastKnownFileType = sourcecode.c.h; path = PluginHelper.h; sourceTree = "<group>"; };
		8390E8B31FA331E900B6CAFF /* PluginManager.h */ = {isa = PBXFileReference; fileEncoding = 4; lastKnownFileType = sourcecode.c.h; path = PluginManager.h; sourceTree = "<group>"; };
		8390E8B41FA331E900B6CAFF /* PluginParam.h */ = {isa = PBXFileReference; fileEncoding = 4; lastKnownFileType = sourcecode.c.h; path = PluginParam.h; sourceTree = "<group>"; };
		8390E8B51FA331E900B6CAFF /* PluginProtocol.h */ = {isa = PBXFileReference; fileEncoding = 4; lastKnownFileType = sourcecode.c.h; path = PluginProtocol.h; sourceTree = "<group>"; };
		8390E8B61FA331E900B6CAFF /* PluginWrapper.h */ = {isa = PBXFileReference; fileEncoding = 4; lastKnownFileType = sourcecode.c.h; path = PluginWrapper.h; sourceTree = "<group>"; };
		8390E8B71FA331E900B6CAFF /* ProtocolAds.h */ = {isa = PBXFileReference; fileEncoding = 4; lastKnownFileType = sourcecode.c.h; path = ProtocolAds.h; sourceTree = "<group>"; };
		8390E8B81FA331E900B6CAFF /* ProtocolAdTracking.h */ = {isa = PBXFileReference; fileEncoding = 4; lastKnownFileType = sourcecode.c.h; path = ProtocolAdTracking.h; sourceTree = "<group>"; };
		8390E8B91FA331E900B6CAFF /* ProtocolAnalytics.h */ = {isa = PBXFileReference; fileEncoding = 4; lastKnownFileType = sourcecode.c.h; path = ProtocolAnalytics.h; sourceTree = "<group>"; };
		8390E8BA1FA331E900B6CAFF /* ProtocolCrash.h */ = {isa = PBXFileReference; fileEncoding = 4; lastKnownFileType = sourcecode.c.h; path = ProtocolCrash.h; sourceTree = "<group>"; };
		8390E8BB1FA331E900B6CAFF /* ProtocolCustom.h */ = {isa = PBXFileReference; fileEncoding = 4; lastKnownFileType = sourcecode.c.h; path = ProtocolCustom.h; sourceTree = "<group>"; };
		8390E8BC1FA331E900B6CAFF /* ProtocolIAP.h */ = {isa = PBXFileReference; fileEncoding = 4; lastKnownFileType = sourcecode.c.h; path = ProtocolIAP.h; sourceTree = "<group>"; };
		8390E8BD1FA331E900B6CAFF /* ProtocolPush.h */ = {isa = PBXFileReference; fileEncoding = 4; lastKnownFileType = sourcecode.c.h; path = ProtocolPush.h; sourceTree = "<group>"; };
		8390E8BE1FA331E900B6CAFF /* ProtocolREC.h */ = {isa = PBXFileReference; fileEncoding = 4; lastKnownFileType = sourcecode.c.h; path = ProtocolREC.h; sourceTree = "<group>"; };
		8390E8BF1FA331E900B6CAFF /* ProtocolShare.h */ = {isa = PBXFileReference; fileEncoding = 4; lastKnownFileType = sourcecode.c.h; path = ProtocolShare.h; sourceTree = "<group>"; };
		8390E8C01FA331E900B6CAFF /* ProtocolSocial.h */ = {isa = PBXFileReference; fileEncoding = 4; lastKnownFileType = sourcecode.c.h; path = ProtocolSocial.h; sourceTree = "<group>"; };
		8390E8C11FA331E900B6CAFF /* ProtocolUser.h */ = {isa = PBXFileReference; fileEncoding = 4; lastKnownFileType = sourcecode.c.h; path = ProtocolUser.h; sourceTree = "<group>"; };
		8390E8C21FA331E900B6CAFF /* PushWrapper.h */ = {isa = PBXFileReference; fileEncoding = 4; lastKnownFileType = sourcecode.c.h; path = PushWrapper.h; sourceTree = "<group>"; };
		8390E8C31FA331E900B6CAFF /* RECWrapper.h */ = {isa = PBXFileReference; fileEncoding = 4; lastKnownFileType = sourcecode.c.h; path = RECWrapper.h; sourceTree = "<group>"; };
		8390E8C41FA331E900B6CAFF /* SdkHttpListener.h */ = {isa = PBXFileReference; fileEncoding = 4; lastKnownFileType = sourcecode.c.h; path = SdkHttpListener.h; sourceTree = "<group>"; };
		8390E8C51FA331E900B6CAFF /* ShareWrapper.h */ = {isa = PBXFileReference; fileEncoding = 4; lastKnownFileType = sourcecode.c.h; path = ShareWrapper.h; sourceTree = "<group>"; };
		8390E8C61FA331E900B6CAFF /* SocialWrapper.h */ = {isa = PBXFileReference; fileEncoding = 4; lastKnownFileType = sourcecode.c.h; path = SocialWrapper.h; sourceTree = "<group>"; };
		8390E8C71FA331E900B6CAFF /* UserWrapper.h */ = {isa = PBXFileReference; fileEncoding = 4; lastKnownFileType = sourcecode.c.h; path = UserWrapper.h; sourceTree = "<group>"; };
		8390E8C81FA331E900B6CAFF /* Wrapper.h */ = {isa = PBXFileReference; fileEncoding = 4; lastKnownFileType = sourcecode.c.h; path = Wrapper.h; sourceTree = "<group>"; };
		83B7E65A1FA029DF000BA4AF /* MicroClient.app */ = {isa = PBXFileReference; explicitFileType = wrapper.application; includeInIndex = 0; path = MicroClient.app; sourceTree = BUILT_PRODUCTS_DIR; };
		83B7E65D1FA029DF000BA4AF /* AppDelegate.h */ = {isa = PBXFileReference; lastKnownFileType = sourcecode.c.h; path = AppDelegate.h; sourceTree = "<group>"; };
		83B7E65E1FA029DF000BA4AF /* AppDelegate.m */ = {isa = PBXFileReference; lastKnownFileType = sourcecode.c.objc; path = AppDelegate.m; sourceTree = "<group>"; };
		83B7E6601FA029DF000BA4AF /* ViewController.h */ = {isa = PBXFileReference; lastKnownFileType = sourcecode.c.h; path = ViewController.h; sourceTree = "<group>"; };
		83B7E6611FA029DF000BA4AF /* ViewController.mm */ = {isa = PBXFileReference; explicitFileType = sourcecode.cpp.objcpp; path = ViewController.mm; sourceTree = "<group>"; };
		83B7E6641FA029DF000BA4AF /* Base */ = {isa = PBXFileReference; lastKnownFileType = file.storyboard; name = Base; path = Base.lproj/Main.storyboard; sourceTree = "<group>"; };
		83B7E6661FA029DF000BA4AF /* Assets.xcassets */ = {isa = PBXFileReference; lastKnownFileType = folder.assetcatalog; path = Assets.xcassets; sourceTree = "<group>"; };
		83B7E6691FA029DF000BA4AF /* Base */ = {isa = PBXFileReference; lastKnownFileType = file.storyboard; name = Base; path = Base.lproj/LaunchScreen.storyboard; sourceTree = "<group>"; };
		83B7E66B1FA029DF000BA4AF /* Info.plist */ = {isa = PBXFileReference; lastKnownFileType = text.plist.xml; path = Info.plist; sourceTree = "<group>"; };
		83B7E66C1FA029DF000BA4AF /* main.m */ = {isa = PBXFileReference; lastKnownFileType = sourcecode.c.objc; path = main.m; sourceTree = "<group>"; };
		83B7E6CE1FA040E8000BA4AF /* AnyController.mm */ = {isa = PBXFileReference; explicitFileType = sourcecode.cpp.objcpp; path = AnyController.mm; sourceTree = "<group>"; };
		83B7E6D01FA040F6000BA4AF /* AnyController.h */ = {isa = PBXFileReference; lastKnownFileType = sourcecode.c.h; path = AnyController.h; sourceTree = "<group>"; };
		83B7E7021FA063DD000BA4AF /* CFNetwork.framework */ = {isa = PBXFileReference; lastKnownFileType = wrapper.framework; name = CFNetwork.framework; path = System/Library/Frameworks/CFNetwork.framework; sourceTree = SDKROOT; };
		83B7E7041FA063E5000BA4AF /* CoreFoundation.framework */ = {isa = PBXFileReference; lastKnownFileType = wrapper.framework; name = CoreFoundation.framework; path = System/Library/Frameworks/CoreFoundation.framework; sourceTree = SDKROOT; };
		83B7E7061FA063E9000BA4AF /* MobileCoreServices.framework */ = {isa = PBXFileReference; lastKnownFileType = wrapper.framework; name = MobileCoreServices.framework; path = System/Library/Frameworks/MobileCoreServices.framework; sourceTree = SDKROOT; };
		83B7E7081FA063F0000BA4AF /* SystemConfiguration.framework */ = {isa = PBXFileReference; lastKnownFileType = wrapper.framework; name = SystemConfiguration.framework; path = System/Library/Frameworks/SystemConfiguration.framework; sourceTree = SDKROOT; };
		83B7E70A1FA063F5000BA4AF /* libz.tbd */ = {isa = PBXFileReference; lastKnownFileType = "sourcecode.text-based-dylib-definition"; name = libz.tbd; path = usr/lib/libz.tbd; sourceTree = SDKROOT; };
		83B7E70C1FA063FA000BA4AF /* Security.framework */ = {isa = PBXFileReference; lastKnownFileType = wrapper.framework; name = Security.framework; path = System/Library/Frameworks/Security.framework; sourceTree = SDKROOT; };
		83B7E7171FA09C0C000BA4AF /* bootstrap.min.css */ = {isa = PBXFileReference; lastKnownFileType = text.css; path = bootstrap.min.css; sourceTree = "<group>"; };
		83B7E7181FA09C0C000BA4AF /* bootstrap.min.js */ = {isa = PBXFileReference; lastKnownFileType = sourcecode.javascript; path = bootstrap.min.js; sourceTree = "<group>"; };
		83B7E7191FA09C0C000BA4AF /* gameindex.html */ = {isa = PBXFileReference; lastKnownFileType = text.html; path = gameindex.html; sourceTree = "<group>"; };
		83B7E71A1FA09C0C000BA4AF /* jquery.min.js */ = {isa = PBXFileReference; lastKnownFileType = sourcecode.javascript; path = jquery.min.js; sourceTree = "<group>"; };
/* End PBXFileReference section */

/* Begin PBXFrameworksBuildPhase section */
		83B7E6571FA029DF000BA4AF /* Frameworks */ = {
			isa = PBXFrameworksBuildPhase;
			buildActionMask = 2147483647;
			files = (
				83381DBA1FA179E200ADF76D /* WebKit.framework in Frameworks */,
				83B7E70D1FA063FA000BA4AF /* Security.framework in Frameworks */,
				8390E8C91FA331E900B6CAFF /* libPluginProtocol.a in Frameworks */,
				83B7E70B1FA063F5000BA4AF /* libz.tbd in Frameworks */,
				83B7E7091FA063F0000BA4AF /* SystemConfiguration.framework in Frameworks */,
				83B7E7071FA063EA000BA4AF /* MobileCoreServices.framework in Frameworks */,
				83B7E7051FA063E5000BA4AF /* CoreFoundation.framework in Frameworks */,
				83B7E7031FA063DD000BA4AF /* CFNetwork.framework in Frameworks */,
			);
			runOnlyForDeploymentPostprocessing = 0;
		};
/* End PBXFrameworksBuildPhase section */

/* Begin PBXGroup section */
		8390E89B1FA331E900B6CAFF /* include */ = {
			isa = PBXGroup;
			children = (
				8390E89C1FA331E900B6CAFF /* AdsUtil.h */,
				8390E89D1FA331E900B6CAFF /* AdsWrapper.h */,
				8390E89E1FA331E900B6CAFF /* AgentManager.h */,
				8390E89F1FA331E900B6CAFF /* AnalyticsWrapper.h */,
				8390E8A01FA331E900B6CAFF /* CocosRuntimeDelegate.h */,
				8390E8A11FA331E900B6CAFF /* CustomWrapper.h */,
				8390E8A21FA331E900B6CAFF /* IAPWrapper.h */,
				8390E8A31FA331E900B6CAFF /* InterfaceAds.h */,
				8390E8A41FA331E900B6CAFF /* InterfaceAdTracking.h */,
				8390E8A51FA331E900B6CAFF /* InterfaceAnalytics.h */,
				8390E8A61FA331E900B6CAFF /* InterfaceCrash.h */,
				8390E8A71FA331E900B6CAFF /* InterfaceCustom.h */,
				8390E8A81FA331E900B6CAFF /* InterfaceIAP.h */,
				8390E8A91FA331E900B6CAFF /* InterfacePush.h */,
				8390E8AA1FA331E900B6CAFF /* InterfaceREC.h */,
				8390E8AB1FA331E900B6CAFF /* InterfaceShare.h */,
				8390E8AC1FA331E900B6CAFF /* InterfaceSocial.h */,
				8390E8AD1FA331E900B6CAFF /* InterfaceUser.h */,
				8390E8AE1FA331E900B6CAFF /* JSBRelation.h */,
				8390E8AF1FA331E900B6CAFF /* JsonParser.h */,
				8390E8B01FA331E900B6CAFF /* PluginApplicationDelegate.h */,
				8390E8B11FA331E900B6CAFF /* PluginFactory.h */,
				8390E8B21FA331E900B6CAFF /* PluginHelper.h */,
				8390E8B31FA331E900B6CAFF /* PluginManager.h */,
				8390E8B41FA331E900B6CAFF /* PluginParam.h */,
				8390E8B51FA331E900B6CAFF /* PluginProtocol.h */,
				8390E8B61FA331E900B6CAFF /* PluginWrapper.h */,
				8390E8B71FA331E900B6CAFF /* ProtocolAds.h */,
				8390E8B81FA331E900B6CAFF /* ProtocolAdTracking.h */,
				8390E8B91FA331E900B6CAFF /* ProtocolAnalytics.h */,
				8390E8BA1FA331E900B6CAFF /* ProtocolCrash.h */,
				8390E8BB1FA331E900B6CAFF /* ProtocolCustom.h */,
				8390E8BC1FA331E900B6CAFF /* ProtocolIAP.h */,
				8390E8BD1FA331E900B6CAFF /* ProtocolPush.h */,
				8390E8BE1FA331E900B6CAFF /* ProtocolREC.h */,
				8390E8BF1FA331E900B6CAFF /* ProtocolShare.h */,
				8390E8C01FA331E900B6CAFF /* ProtocolSocial.h */,
				8390E8C11FA331E900B6CAFF /* ProtocolUser.h */,
				8390E8C21FA331E900B6CAFF /* PushWrapper.h */,
				8390E8C31FA331E900B6CAFF /* RECWrapper.h */,
				8390E8C41FA331E900B6CAFF /* SdkHttpListener.h */,
				8390E8C51FA331E900B6CAFF /* ShareWrapper.h */,
				8390E8C61FA331E900B6CAFF /* SocialWrapper.h */,
				8390E8C71FA331E900B6CAFF /* UserWrapper.h */,
				8390E8C81FA331E900B6CAFF /* Wrapper.h */,
			);
			name = include;
			path = MicroClient/include;
			sourceTree = "<group>";
		};
		83B7E6511FA029DF000BA4AF = {
			isa = PBXGroup;
			children = (
				8390E89B1FA331E900B6CAFF /* include */,
				8390E89A1FA331E800B6CAFF /* libPluginProtocol.a */,
				83B7E65C1FA029DF000BA4AF /* MicroClient */,
				83B7E65B1FA029DF000BA4AF /* Products */,
				83B7E67A1FA03315000BA4AF /* Frameworks */,
			);
			sourceTree = "<group>";
		};
		83B7E65B1FA029DF000BA4AF /* Products */ = {
			isa = PBXGroup;
			children = (
				83B7E65A1FA029DF000BA4AF /* MicroClient.app */,
			);
			name = Products;
			sourceTree = "<group>";
		};
		83B7E65C1FA029DF000BA4AF /* MicroClient */ = {
			isa = PBXGroup;
			children = (
				83B7E7161FA09C0C000BA4AF /* assets */,
				83B7E6D01FA040F6000BA4AF /* AnyController.h */,
				83B7E6CE1FA040E8000BA4AF /* AnyController.mm */,
				83B7E65D1FA029DF000BA4AF /* AppDelegate.h */,
				83B7E65E1FA029DF000BA4AF /* AppDelegate.m */,
				83B7E6601FA029DF000BA4AF /* ViewController.h */,
				83B7E6611FA029DF000BA4AF /* ViewController.mm */,
				83B7E6631FA029DF000BA4AF /* Main.storyboard */,
				83B7E6661FA029DF000BA4AF /* Assets.xcassets */,
				83B7E6681FA029DF000BA4AF /* LaunchScreen.storyboard */,
				83B7E66B1FA029DF000BA4AF /* Info.plist */,
				83B7E66C1FA029DF000BA4AF /* main.m */,
			);
			path = MicroClient;
			sourceTree = "<group>";
		};
		83B7E67A1FA03315000BA4AF /* Frameworks */ = {
			isa = PBXGroup;
			children = (
				83381DB91FA179E200ADF76D /* WebKit.framework */,
				83B7E70C1FA063FA000BA4AF /* Security.framework */,
				83B7E70A1FA063F5000BA4AF /* libz.tbd */,
				83B7E7081FA063F0000BA4AF /* SystemConfiguration.framework */,
				83B7E7061FA063E9000BA4AF /* MobileCoreServices.framework */,
				83B7E7041FA063E5000BA4AF /* CoreFoundation.framework */,
				83B7E7021FA063DD000BA4AF /* CFNetwork.framework */,
			);
			name = Frameworks;
			sourceTree = "<group>";
		};
		83B7E7161FA09C0C000BA4AF /* assets */ = {
			isa = PBXGroup;
			children = (
				83B7E7171FA09C0C000BA4AF /* bootstrap.min.css */,
				83B7E7181FA09C0C000BA4AF /* bootstrap.min.js */,
				83B7E7191FA09C0C000BA4AF /* gameindex.html */,
				83B7E71A1FA09C0C000BA4AF /* jquery.min.js */,
			);
			path = assets;
			sourceTree = "<group>";
		};
/* End PBXGroup section */

/* Begin PBXNativeTarget section */
		83B7E6591FA029DF000BA4AF /* MicroClient */ = {
			isa = PBXNativeTarget;
			buildConfigurationList = 83B7E6701FA029DF000BA4AF /* Build configuration list for PBXNativeTarget "MicroClient" */;
			buildPhases = (
				83B7E6561FA029DF000BA4AF /* Sources */,
				83B7E6571FA029DF000BA4AF /* Frameworks */,
				83B7E6581FA029DF000BA4AF /* Resources */,
			);
			buildRules = (
			);
			dependencies = (
			);
			name = MicroClient;
			productName = MicroClient;
			productReference = 83B7E65A1FA029DF000BA4AF /* MicroClient.app */;
			productType = "com.apple.product-type.application";
		};
/* End PBXNativeTarget section */

/* Begin PBXProject section */
		83B7E6521FA029DF000BA4AF /* Project object */ = {
			isa = PBXProject;
			attributes = {
				LastUpgradeCheck = 0900;
				ORGANIZATIONNAME = "AnySDK@Cocos";
				TargetAttributes = {
					83B7E6591FA029DF000BA4AF = {
						CreatedOnToolsVersion = 9.0;
						ProvisioningStyle = Automatic;
					};
				};
			};
			buildConfigurationList = 83B7E6551FA029DF000BA4AF /* Build configuration list for PBXProject "MicroClient" */;
			compatibilityVersion = "Xcode 8.0";
			developmentRegion = en;
			hasScannedForEncodings = 0;
			knownRegions = (
				en,
				Base,
			);
			mainGroup = 83B7E6511FA029DF000BA4AF;
			productRefGroup = 83B7E65B1FA029DF000BA4AF /* Products */;
			projectDirPath = "";
			projectRoot = "";
			targets = (
				83B7E6591FA029DF000BA4AF /* MicroClient */,
			);
		};
/* End PBXProject section */

/* Begin PBXResourcesBuildPhase section */
		83B7E6581FA029DF000BA4AF /* Resources */ = {
			isa = PBXResourcesBuildPhase;
			buildActionMask = 2147483647;
			files = (
				83B7E71E1FA09C2F000BA4AF /* jquery.min.js in Resources */,
				83B7E71D1FA09C2D000BA4AF /* gameindex.html in Resources */,
				83B7E71C1FA09C1F000BA4AF /* bootstrap.min.js in Resources */,
				83B7E71B1FA09C1D000BA4AF /* bootstrap.min.css in Resources */,
				83B7E66A1FA029DF000BA4AF /* LaunchScreen.storyboard in Resources */,
				83B7E6671FA029DF000BA4AF /* Assets.xcassets in Resources */,
				83B7E6651FA029DF000BA4AF /* Main.storyboard in Resources */,
			);
			runOnlyForDeploymentPostprocessing = 0;
		};
/* End PBXResourcesBuildPhase section */

/* Begin PBXSourcesBuildPhase section */
		83B7E6561FA029DF000BA4AF /* Sources */ = {
			isa = PBXSourcesBuildPhase;
			buildActionMask = 2147483647;
			files = (
				83B7E6621FA029DF000BA4AF /* ViewController.mm in Sources */,
				83B7E66D1FA029DF000BA4AF /* main.m in Sources */,
				83B7E6CF1FA040E8000BA4AF /* AnyController.mm in Sources */,
				83B7E65F1FA029DF000BA4AF /* AppDelegate.m in Sources */,
			);
			runOnlyForDeploymentPostprocessing = 0;
		};
/* End PBXSourcesBuildPhase section */

/* Begin PBXVariantGroup section */
		83B7E6631FA029DF000BA4AF /* Main.storyboard */ = {
			isa = PBXVariantGroup;
			children = (
				83B7E6641FA029DF000BA4AF /* Base */,
			);
			name = Main.storyboard;
			sourceTree = "<group>";
		};
		83B7E6681FA029DF000BA4AF /* LaunchScreen.storyboard */ = {
			isa = PBXVariantGroup;
			children = (
				83B7E6691FA029DF000BA4AF /* Base */,
			);
			name = LaunchScreen.storyboard;
			sourceTree = "<group>";
		};
/* End PBXVariantGroup section */

/* Begin XCBuildConfiguration section */
		83B7E66E1FA029DF000BA4AF /* Debug */ = {
			isa = XCBuildConfiguration;
			buildSettings = {
				ALWAYS_SEARCH_USER_PATHS = NO;
				CLANG_ANALYZER_NONNULL = YES;
				CLANG_ANALYZER_NUMBER_OBJECT_CONVERSION = YES_AGGRESSIVE;
				CLANG_CXX_LANGUAGE_STANDARD = "gnu++14";
				CLANG_CXX_LIBRARY = "libc++";
				CLANG_ENABLE_MODULES = YES;
				CLANG_ENABLE_OBJC_ARC = YES;
				CLANG_WARN_BLOCK_CAPTURE_AUTORELEASING = YES;
				CLANG_WARN_BOOL_CONVERSION = YES;
				CLANG_WARN_COMMA = YES;
				CLANG_WARN_CONSTANT_CONVERSION = YES;
				CLANG_WARN_DIRECT_OBJC_ISA_USAGE = YES_ERROR;
				CLANG_WARN_DOCUMENTATION_COMMENTS = YES;
				CLANG_WARN_EMPTY_BODY = YES;
				CLANG_WARN_ENUM_CONVERSION = YES;
				CLANG_WARN_INFINITE_RECURSION = YES;
				CLANG_WARN_INT_CONVERSION = YES;
				CLANG_WARN_NON_LITERAL_NULL_CONVERSION = YES;
				CLANG_WARN_OBJC_LITERAL_CONVERSION = YES;
				CLANG_WARN_OBJC_ROOT_CLASS = YES_ERROR;
				CLANG_WARN_RANGE_LOOP_ANALYSIS = YES;
				CLANG_WARN_STRICT_PROTOTYPES = YES;
				CLANG_WARN_SUSPICIOUS_MOVE = YES;
				CLANG_WARN_UNGUARDED_AVAILABILITY = YES_AGGRESSIVE;
				CLANG_WARN_UNREACHABLE_CODE = YES;
				CLANG_WARN__DUPLICATE_METHOD_MATCH = YES;
				CODE_SIGN_IDENTITY = "iPhone Developer";
				COPY_PHASE_STRIP = NO;
				DEBUG_INFORMATION_FORMAT = dwarf;
				ENABLE_STRICT_OBJC_MSGSEND = YES;
				ENABLE_TESTABILITY = YES;
				GCC_C_LANGUAGE_STANDARD = gnu11;
				GCC_DYNAMIC_NO_PIC = NO;
				GCC_NO_COMMON_BLOCKS = YES;
				GCC_OPTIMIZATION_LEVEL = 0;
				GCC_PREPROCESSOR_DEFINITIONS = (
					"DEBUG=1",
					"$(inherited)",
				);
				GCC_WARN_64_TO_32_BIT_CONVERSION = YES;
				GCC_WARN_ABOUT_RETURN_TYPE = YES_ERROR;
				GCC_WARN_UNDECLARED_SELECTOR = YES;
				GCC_WARN_UNINITIALIZED_AUTOS = YES_AGGRESSIVE;
				GCC_WARN_UNUSED_FUNCTION = YES;
				GCC_WARN_UNUSED_VARIABLE = YES;
				IPHONEOS_DEPLOYMENT_TARGET = 11.0;
				MTL_ENABLE_DEBUG_INFO = YES;
				ONLY_ACTIVE_ARCH = YES;
				SDKROOT = iphoneos;
			};
			name = Debug;
		};
		83B7E66F1FA029DF000BA4AF /* Release */ = {
			isa = XCBuildConfiguration;
			buildSettings = {
				ALWAYS_SEARCH_USER_PATHS = NO;
				CLANG_ANALYZER_NONNULL = YES;
				CLANG_ANALYZER_NUMBER_OBJECT_CONVERSION = YES_AGGRESSIVE;
				CLANG_CXX_LANGUAGE_STANDARD = "gnu++14";
				CLANG_CXX_LIBRARY = "libc++";
				CLANG_ENABLE_MODULES = YES;
				CLANG_ENABLE_OBJC_ARC = YES;
				CLANG_WARN_BLOCK_CAPTURE_AUTORELEASING = YES;
				CLANG_WARN_BOOL_CONVERSION = YES;
				CLANG_WARN_COMMA = YES;
				CLANG_WARN_CONSTANT_CONVERSION = YES;
				CLANG_WARN_DIRECT_OBJC_ISA_USAGE = YES_ERROR;
				CLANG_WARN_DOCUMENTATION_COMMENTS = YES;
				CLANG_WARN_EMPTY_BODY = YES;
				CLANG_WARN_ENUM_CONVERSION = YES;
				CLANG_WARN_INFINITE_RECURSION = YES;
				CLANG_WARN_INT_CONVERSION = YES;
				CLANG_WARN_NON_LITERAL_NULL_CONVERSION = YES;
				CLANG_WARN_OBJC_LITERAL_CONVERSION = YES;
				CLANG_WARN_OBJC_ROOT_CLASS = YES_ERROR;
				CLANG_WARN_RANGE_LOOP_ANALYSIS = YES;
				CLANG_WARN_STRICT_PROTOTYPES = YES;
				CLANG_WARN_SUSPICIOUS_MOVE = YES;
				CLANG_WARN_UNGUARDED_AVAILABILITY = YES_AGGRESSIVE;
				CLANG_WARN_UNREACHABLE_CODE = YES;
				CLANG_WARN__DUPLICATE_METHOD_MATCH = YES;
				CODE_SIGN_IDENTITY = "iPhone Developer";
				COPY_PHASE_STRIP = NO;
				DEBUG_INFORMATION_FORMAT = "dwarf-with-dsym";
				ENABLE_NS_ASSERTIONS = NO;
				ENABLE_STRICT_OBJC_MSGSEND = YES;
				GCC_C_LANGUAGE_STANDARD = gnu11;
				GCC_NO_COMMON_BLOCKS = YES;
				GCC_WARN_64_TO_32_BIT_CONVERSION = YES;
				GCC_WARN_ABOUT_RETURN_TYPE = YES_ERROR;
				GCC_WARN_UNDECLARED_SELECTOR = YES;
				GCC_WARN_UNINITIALIZED_AUTOS = YES_AGGRESSIVE;
				GCC_WARN_UNUSED_FUNCTION = YES;
				GCC_WARN_UNUSED_VARIABLE = YES;
				IPHONEOS_DEPLOYMENT_TARGET = 11.0;
				MTL_ENABLE_DEBUG_INFO = NO;
				SDKROOT = iphoneos;
				VALIDATE_PRODUCT = YES;
			};
			name = Release;
		};
		83B7E6711FA029DF000BA4AF /* Debug */ = {
			isa = XCBuildConfiguration;
			buildSettings = {
				ASSETCATALOG_COMPILER_APPICON_NAME = AppIcon;
				CODE_SIGN_STYLE = Automatic;
				DEVELOPMENT_TEAM = NQ596S94Q5;
				INFOPLIST_FILE = MicroClient/Info.plist;
				IPHONEOS_DEPLOYMENT_TARGET = 9.0;
				LD_RUNPATH_SEARCH_PATHS = "$(inherited) @executable_path/Frameworks";
				LIBRARY_SEARCH_PATHS = (
					"$(PROJECT_DIR)/MicroClient/",
					"$(PROJECT_DIR)/MicroClient",
				);
				OTHER_LDFLAGS = "-ObjC";
				PRODUCT_BUNDLE_IDENTIFIER = com.example.MicroClient;
				PRODUCT_NAME = "$(TARGET_NAME)";
				TARGETED_DEVICE_FAMILY = "1,2";
				USER_HEADER_SEARCH_PATHS = "\"$(SRCROOT)/MicroClient/include\"";
			};
			name = Debug;
		};
		83B7E6721FA029DF000BA4AF /* Release */ = {
			isa = XCBuildConfiguration;
			buildSettings = {
				ASSETCATALOG_COMPILER_APPICON_NAME = AppIcon;
				CODE_SIGN_STYLE = Automatic;
				DEVELOPMENT_TEAM = NQ596S94Q5;
				INFOPLIST_FILE = MicroClient/Info.plist;
				IPHONEOS_DEPLOYMENT_TARGET = 9.0;
				LD_RUNPATH_SEARCH_PATHS = "$(inherited) @executable_path/Frameworks";
				LIBRARY_SEARCH_PATHS = (
					"$(PROJECT_DIR)/MicroClient/",
					"$(PROJECT_DIR)/MicroClient",
				);
				OTHER_LDFLAGS = "-ObjC";
				PRODUCT_BUNDLE_IDENTIFIER = com.example.MicroClient;
				PRODUCT_NAME = "$(TARGET_NAME)";
				TARGETED_DEVICE_FAMILY = "1,2";
				USER_HEADER_SEARCH_PATHS = "\"$(SRCROOT)/MicroClient/include\"";
			};
			name = Release;
		};
/* End XCBuildConfiguration section */

/* Begin XCConfigurationList section */
		83B7E6551FA029DF000BA4AF /* Build configuration list for PBXProject "MicroClient" */ = {
			isa = XCConfigurationList;
			buildConfigurations = (
				83B7E66E1FA029DF000BA4AF /* Debug */,
				83B7E66F1FA029DF000BA4AF /* Release */,
			);
			defaultConfigurationIsVisible = 0;
			defaultConfigurationName = Release;
		};
		83B7E6701FA029DF000BA4AF /* Build configuration list for PBXNativeTarget "MicroClient" */ = {
			isa = XCConfigurationList;
			buildConfigurations = (
				83B7E6711FA029DF000BA4AF /* Debug */,
				83B7E6721FA029DF000BA4AF /* Release */,
			);
			defaultConfigurationIsVisible = 0;
			defaultConfigurationName = Release;
		};
/* End XCConfigurationList section */
	};
	rootObject = 83B7E6521FA029DF000BA4AF /* Project object */;
}
